
Microsoft Visual Studio Solution File, Format Version 12.00
# Visual Studio 15
VisualStudioVersion = 15.0.27130.2024
MinimumVisualStudioVersion = 10.0.40219.1
Project("{FAE04EC0-301F-11D3-BF4B-00C04F79EFBC}") = "SixDegrees.Android", "SixDegrees\SixDegrees.Android\SixDegrees.Android.csproj", "{CE3468FE-E16E-468E-AE36-BA18B37FA788}"
EndProject
Project("{FAE04EC0-301F-11D3-BF4B-00C04F79EFBC}") = "SixDegrees.iOS", "SixDegrees\SixDegrees.iOS\SixDegrees.iOS.csproj", "{85DB365D-8A93-49A5-AA43-0608C8D89BE9}"
EndProject
Project("{FAE04EC0-301F-11D3-BF4B-00C04F79EFBC}") = "SixDegrees.UWP", "SixDegrees\SixDegrees.UWP\SixDegrees.UWP.csproj", "{F7F9DA28-1838-4971-A345-8C42EDBBBD77}"
EndProject
Project("{FAE04EC0-301F-11D3-BF4B-00C04F79EFBC}") = "SixDegrees", "SixDegrees\SixDegrees\SixDegrees.csproj", "{0F1E5AEC-1485-439F-B925-375DF6FCA871}"
EndProject
Global
	GlobalSection(SolutionConfigurationPlatforms) = preSolution
		Ad-Hoc|Any CPU = Ad-Hoc|Any CPU
		Ad-Hoc|ARM = Ad-Hoc|ARM
		Ad-Hoc|iPhone = Ad-Hoc|iPhone
		Ad-Hoc|iPhoneSimulator = Ad-Hoc|iPhoneSimulator
		Ad-Hoc|x64 = Ad-Hoc|x64
		Ad-Hoc|x86 = Ad-Hoc|x86
		AppStore|Any CPU = AppStore|Any CPU
		AppStore|ARM = AppStore|ARM
		AppStore|iPhone = AppStore|iPhone
		AppStore|iPhoneSimulator = AppStore|iPhoneSimulator
		AppStore|x64 = AppStore|x64
		AppStore|x86 = AppStore|x86
		Debug|Any CPU = Debug|Any CPU
		Debug|ARM = Debug|ARM
		Debug|iPhone = Debug|iPhone
		Debug|iPhoneSimulator = Debug|iPhoneSimulator
		Debug|x64 = Debug|x64
		Debug|x86 = Debug|x86
		Release|Any CPU = Release|Any CPU
		Release|ARM = Release|ARM
		Release|iPhone = Release|iPhone
		Release|iPhoneSimulator = Release|iPhoneSimulator
		Release|x64 = Release|x64
		Release|x86 = Release|x86
	EndGlobalSection
	GlobalSection(ProjectConfigurationPlatforms) = postSolution
		{CE3468FE-E16E-468E-AE36-BA18B37FA788}.Ad-Hoc|Any CPU.ActiveCfg = Release|Any CPU
		{CE3468FE-E16E-468E-AE36-BA18B37FA788}.Ad-Hoc|Any CPU.Build.0 = Release|Any CPU
		{CE3468FE-E16E-468E-AE36-BA18B37FA788}.Ad-Hoc|Any CPU.Deploy.0 = Release|Any CPU
		{CE3468FE-E16E-468E-AE36-BA18B37FA788}.Ad-Hoc|ARM.ActiveCfg = Release|Any CPU
		{CE3468FE-E16E-468E-AE36-BA18B37FA788}.Ad-Hoc|ARM.Build.0 = Release|Any CPU
		{CE3468FE-E16E-468E-AE36-BA18B37FA788}.Ad-Hoc|ARM.Deploy.0 = Release|Any CPU
		{CE3468FE-E16E-468E-AE36-BA18B37FA788}.Ad-Hoc|iPhone.ActiveCfg = Release|Any CPU
		{CE3468FE-E16E-468E-AE36-BA18B37FA788}.Ad-Hoc|iPhone.Build.0 = Release|Any CPU
		{CE3468FE-E16E-468E-AE36-BA18B37FA788}.Ad-Hoc|iPhone.Deploy.0 = Release|Any CPU
		{CE3468FE-E16E-468E-AE36-BA18B37FA788}.Ad-Hoc|iPhoneSimulator.ActiveCfg = Release|Any CPU
		{CE3468FE-E16E-468E-AE36-BA18B37FA788}.Ad-Hoc|iPhoneSimulator.Build.0 = Release|Any CPU
		{CE3468FE-E16E-468E-AE36-BA18B37FA788}.Ad-Hoc|iPhoneSimulator.Deploy.0 = Release|Any CPU
		{CE3468FE-E16E-468E-AE36-BA18B37FA788}.Ad-Hoc|x64.ActiveCfg = Release|Any CPU
		{CE3468FE-E16E-468E-AE36-BA18B37FA788}.Ad-Hoc|x64.Build.0 = Release|Any CPU
		{CE3468FE-E16E-468E-AE36-BA18B37FA788}.Ad-Hoc|x64.Deploy.0 = Release|Any CPU
		{CE3468FE-E16E-468E-AE36-BA18B37FA788}.Ad-Hoc|x86.ActiveCfg = Release|Any CPU
		{CE3468FE-E16E-468E-AE36-BA18B37FA788}.Ad-Hoc|x86.Build.0 = Release|Any CPU
		{CE3468FE-E16E-468E-AE36-BA18B37FA788}.Ad-Hoc|x86.Deploy.0 = Release|Any CPU
		{CE3468FE-E16E-468E-AE36-BA18B37FA788}.AppStore|Any CPU.ActiveCfg = Release|Any CPU
		{CE3468FE-E16E-468E-AE36-BA18B37FA788}.AppStore|Any CPU.Build.0 = Release|Any CPU
		{CE3468FE-E16E-468E-AE36-BA18B37FA788}.AppStore|Any CPU.Deploy.0 = Release|Any CPU
		{CE3468FE-E16E-468E-AE36-BA18B37FA788}.AppStore|ARM.ActiveCfg = Release|Any CPU
		{CE3468FE-E16E-468E-AE36-BA18B37FA788}.AppStore|ARM.Build.0 = Release|Any CPU
		{CE3468FE-E16E-468E-AE36-BA18B37FA788}.AppStore|ARM.Deploy.0 = Release|Any CPU
		{CE3468FE-E16E-468E-AE36-BA18B37FA788}.AppStore|iPhone.ActiveCfg = Release|Any CPU
		{CE3468FE-E16E-468E-AE36-BA18B37FA788}.AppStore|iPhone.Build.0 = Release|Any CPU
		{CE3468FE-E16E-468E-AE36-BA18B37FA788}.AppStore|iPhone.Deploy.0 = Release|Any CPU
		{CE3468FE-E16E-468E-AE36-BA18B37FA788}.AppStore|iPhoneSimulator.ActiveCfg = Release|Any CPU
		{CE3468FE-E16E-468E-AE36-BA18B37FA788}.AppStore|iPhoneSimulator.Build.0 = Release|Any CPU
		{CE3468FE-E16E-468E-AE36-BA18B37FA788}.AppStore|iPhoneSimulator.Deploy.0 = Release|Any CPU
		{CE3468FE-E16E-468E-AE36-BA18B37FA788}.AppStore|x64.ActiveCfg = Release|Any CPU
		{CE3468FE-E16E-468E-AE36-BA18B37FA788}.AppStore|x64.Build.0 = Release|Any CPU
		{CE3468FE-E16E-468E-AE36-BA18B37FA788}.AppStore|x64.Deploy.0 = Release|Any CPU
		{CE3468FE-E16E-468E-AE36-BA18B37FA788}.AppStore|x86.ActiveCfg = Release|Any CPU
		{CE3468FE-E16E-468E-AE36-BA18B37FA788}.AppStore|x86.Build.0 = Release|Any CPU
		{CE3468FE-E16E-468E-AE36-BA18B37FA788}.AppStore|x86.Deploy.0 = Release|Any CPU
		{CE3468FE-E16E-468E-AE36-BA18B37FA788}.Debug|Any CPU.ActiveCfg = Debug|Any CPU
		{CE3468FE-E16E-468E-AE36-BA18B37FA788}.Debug|Any CPU.Build.0 = Debug|Any CPU
		{CE3468FE-E16E-468E-AE36-BA18B37FA788}.Debug|Any CPU.Deploy.0 = Debug|Any CPU
		{CE3468FE-E16E-468E-AE36-BA18B37FA788}.Debug|ARM.ActiveCfg = Debug|Any CPU
		{CE3468FE-E16E-468E-AE36-BA18B37FA788}.Debug|ARM.Build.0 = Debug|Any CPU
		{CE3468FE-E16E-468E-AE36-BA18B37FA788}.Debug|ARM.Deploy.0 = Debug|Any CPU
		{CE3468FE-E16E-468E-AE36-BA18B37FA788}.Debug|iPhone.ActiveCfg = Debug|Any CPU
		{CE3468FE-E16E-468E-AE36-BA18B37FA788}.Debug|iPhone.Build.0 = Debug|Any CPU
		{CE3468FE-E16E-468E-AE36-BA18B37FA788}.Debug|iPhone.Deploy.0 = Debug|Any CPU
		{CE3468FE-E16E-468E-AE36-BA18B37FA788}.Debug|iPhoneSimulator.ActiveCfg = Debug|Any CPU
		{CE3468FE-E16E-468E-AE36-BA18B37FA788}.Debug|iPhoneSimulator.Build.0 = Debug|Any CPU
		{CE3468FE-E16E-468E-AE36-BA18B37FA788}.Debug|iPhoneSimulator.Deploy.0 = Debug|Any CPU
		{CE3468FE-E16E-468E-AE36-BA18B37FA788}.Debug|x64.ActiveCfg = Debug|Any CPU
		{CE3468FE-E16E-468E-AE36-BA18B37FA788}.Debug|x64.Build.0 = Debug|Any CPU
		{CE3468FE-E16E-468E-AE36-BA18B37FA788}.Debug|x64.Deploy.0 = Debug|Any CPU
		{CE3468FE-E16E-468E-AE36-BA18B37FA788}.Debug|x86.ActiveCfg = Debug|Any CPU
		{CE3468FE-E16E-468E-AE36-BA18B37FA788}.Debug|x86.Build.0 = Debug|Any CPU
		{CE3468FE-E16E-468E-AE36-BA18B37FA788}.Debug|x86.Deploy.0 = Debug|Any CPU
		{CE3468FE-E16E-468E-AE36-BA18B37FA788}.Release|Any CPU.ActiveCfg = Release|Any CPU
		{CE3468FE-E16E-468E-AE36-BA18B37FA788}.Release|Any CPU.Build.0 = Release|Any CPU
		{CE3468FE-E16E-468E-AE36-BA18B37FA788}.Release|Any CPU.Deploy.0 = Release|Any CPU
		{CE3468FE-E16E-468E-AE36-BA18B37FA788}.Release|ARM.ActiveCfg = Release|Any CPU
		{CE3468FE-E16E-468E-AE36-BA18B37FA788}.Release|ARM.Build.0 = Release|Any CPU
		{CE3468FE-E16E-468E-AE36-BA18B37FA788}.Release|ARM.Deploy.0 = Release|Any CPU
		{CE3468FE-E16E-468E-AE36-BA18B37FA788}.Release|iPhone.ActiveCfg = Release|Any CPU
		{CE3468FE-E16E-468E-AE36-BA18B37FA788}.Release|iPhone.Build.0 = Release|Any CPU
		{CE3468FE-E16E-468E-AE36-BA18B37FA788}.Release|iPhone.Deploy.0 = Release|Any CPU
		{CE3468FE-E16E-468E-AE36-BA18B37FA788}.Release|iPhoneSimulator.ActiveCfg = Release|Any CPU
		{CE3468FE-E16E-468E-AE36-BA18B37FA788}.Release|iPhoneSimulator.Build.0 = Release|Any CPU
		{CE3468FE-E16E-468E-AE36-BA18B37FA788}.Release|iPhoneSimulator.Deploy.0 = Release|Any CPU
		{CE3468FE-E16E-468E-AE36-BA18B37FA788}.Release|x64.ActiveCfg = Release|Any CPU
		{CE3468FE-E16E-468E-AE36-BA18B37FA788}.Release|x64.Build.0 = Release|Any CPU
		{CE3468FE-E16E-468E-AE36-BA18B37FA788}.Release|x64.Deploy.0 = Release|Any CPU
		{CE3468FE-E16E-468E-AE36-BA18B37FA788}.Release|x86.ActiveCfg = Release|Any CPU
		{CE3468FE-E16E-468E-AE36-BA18B37FA788}.Release|x86.Build.0 = Release|Any CPU
		{CE3468FE-E16E-468E-AE36-BA18B37FA788}.Release|x86.Deploy.0 = Release|Any CPU
		{85DB365D-8A93-49A5-AA43-0608C8D89BE9}.Ad-Hoc|Any CPU.ActiveCfg = Ad-Hoc|iPhone
		{85DB365D-8A93-49A5-AA43-0608C8D89BE9}.Ad-Hoc|ARM.ActiveCfg = Ad-Hoc|iPhone
		{85DB365D-8A93-49A5-AA43-0608C8D89BE9}.Ad-Hoc|iPhone.ActiveCfg = Ad-Hoc|iPhone
		{85DB365D-8A93-49A5-AA43-0608C8D89BE9}.Ad-Hoc|iPhone.Build.0 = Ad-Hoc|iPhone
		{85DB365D-8A93-49A5-AA43-0608C8D89BE9}.Ad-Hoc|iPhoneSimulator.ActiveCfg = Ad-Hoc|iPhoneSimulator
		{85DB365D-8A93-49A5-AA43-0608C8D89BE9}.Ad-Hoc|iPhoneSimulator.Build.0 = Ad-Hoc|iPhoneSimulator
		{85DB365D-8A93-49A5-AA43-0608C8D89BE9}.Ad-Hoc|x64.ActiveCfg = Ad-Hoc|iPhone
		{85DB365D-8A93-49A5-AA43-0608C8D89BE9}.Ad-Hoc|x86.ActiveCfg = Ad-Hoc|iPhone
		{85DB365D-8A93-49A5-AA43-0608C8D89BE9}.AppStore|Any CPU.ActiveCfg = AppStore|iPhone
		{85DB365D-8A93-49A5-AA43-0608C8D89BE9}.AppStore|ARM.ActiveCfg = AppStore|iPhone
		{85DB365D-8A93-49A5-AA43-0608C8D89BE9}.AppStore|iPhone.ActiveCfg = AppStore|iPhone
		{85DB365D-8A93-49A5-AA43-0608C8D89BE9}.AppStore|iPhone.Build.0 = AppStore|iPhone
		{85DB365D-8A93-49A5-AA43-0608C8D89BE9}.AppStore|iPhoneSimulator.ActiveCfg = AppStore|iPhoneSimulator
		{85DB365D-8A93-49A5-AA43-0608C8D89BE9}.AppStore|iPhoneSimulator.Build.0 = AppStore|iPhoneSimulator
		{85DB365D-8A93-49A5-AA43-0608C8D89BE9}.AppStore|x64.ActiveCfg = AppStore|iPhone
		{85DB365D-8A93-49A5-AA43-0608C8D89BE9}.AppStore|x86.ActiveCfg = AppStore|iPhone
		{85DB365D-8A93-49A5-AA43-0608C8D89BE9}.Debug|Any CPU.ActiveCfg = Debug|iPhone
		{85DB365D-8A93-49A5-AA43-0608C8D89BE9}.Debug|ARM.ActiveCfg = Debug|iPhone
		{85DB365D-8A93-49A5-AA43-0608C8D89BE9}.Debug|iPhone.ActiveCfg = Debug|iPhone
		{85DB365D-8A93-49A5-AA43-0608C8D89BE9}.Debug|iPhone.Build.0 = Debug|iPhone
		{85DB365D-8A93-49A5-AA43-0608C8D89BE9}.Debug|iPhoneSimulator.ActiveCfg = Debug|iPhoneSimulator
		{85DB365D-8A93-49A5-AA43-0608C8D89BE9}.Debug|iPhoneSimulator.Build.0 = Debug|iPhoneSimulator
		{85DB365D-8A93-49A5-AA43-0608C8D89BE9}.Debug|x64.ActiveCfg = Debug|iPhone
		{85DB365D-8A93-49A5-AA43-0608C8D89BE9}.Debug|x86.ActiveCfg = Debug|iPhone
		{85DB365D-8A93-49A5-AA43-0608C8D89BE9}.Release|Any CPU.ActiveCfg = Release|iPhone
		{85DB365D-8A93-49A5-AA43-0608C8D89BE9}.Release|ARM.ActiveCfg = Release|iPhone
		{85DB365D-8A93-49A5-AA43-0608C8D89BE9}.Release|iPhone.ActiveCfg = Release|iPhone
		{85DB365D-8A93-49A5-AA43-0608C8D89BE9}.Release|iPhone.Build.0 = Release|iPhone
		{85DB365D-8A93-49A5-AA43-0608C8D89BE9}.Release|iPhoneSimulator.ActiveCfg = Release|iPhoneSimulator
		{85DB365D-8A93-49A5-AA43-0608C8D89BE9}.Release|iPhoneSimulator.Build.0 = Release|iPhoneSimulator
		{85DB365D-8A93-49A5-AA43-0608C8D89BE9}.Release|x64.ActiveCfg = Release|iPhone
		{85DB365D-8A93-49A5-AA43-0608C8D89BE9}.Release|x86.ActiveCfg = Release|iPhone
		{F7F9DA28-1838-4971-A345-8C42EDBBBD77}.Ad-Hoc|Any CPU.ActiveCfg = Release|x86
		{F7F9DA28-1838-4971-A345-8C42EDBBBD77}.Ad-Hoc|Any CPU.Build.0 = Release|x86
		{F7F9DA28-1838-4971-A345-8C42EDBBBD77}.Ad-Hoc|Any CPU.Deploy.0 = Release|x86
		{F7F9DA28-1838-4971-A345-8C42EDBBBD77}.Ad-Hoc|ARM.ActiveCfg = Release|ARM
		{F7F9DA28-1838-4971-A345-8C42EDBBBD77}.Ad-Hoc|ARM.Build.0 = Release|ARM
		{F7F9DA28-1838-4971-A345-8C42EDBBBD77}.Ad-Hoc|ARM.Deploy.0 = Release|ARM
		{F7F9DA28-1838-4971-A345-8C42EDBBBD77}.Ad-Hoc|iPhone.ActiveCfg = Release|x86
		{F7F9DA28-1838-4971-A345-8C42EDBBBD77}.Ad-Hoc|iPhone.Build.0 = Release|x86
		{F7F9DA28-1838-4971-A345-8C42EDBBBD77}.Ad-Hoc|iPhone.Deploy.0 = Release|x86
		{F7F9DA28-1838-4971-A345-8C42EDBBBD77}.Ad-Hoc|iPhoneSimulator.ActiveCfg = Release|x86
		{F7F9DA28-1838-4971-A345-8C42EDBBBD77}.Ad-Hoc|iPhoneSimulator.Build.0 = Release|x86
		{F7F9DA28-1838-4971-A345-8C42EDBBBD77}.Ad-Hoc|iPhoneSimulator.Deploy.0 = Release|x86
		{F7F9DA28-1838-4971-A345-8C42EDBBBD77}.Ad-Hoc|x64.ActiveCfg = Release|x64
		{F7F9DA28-1838-4971-A345-8C42EDBBBD77}.Ad-Hoc|x64.Build.0 = Release|x64
		{F7F9DA28-1838-4971-A345-8C42EDBBBD77}.Ad-Hoc|x64.Deploy.0 = Release|x64
		{F7F9DA28-1838-4971-A345-8C42EDBBBD77}.Ad-Hoc|x86.ActiveCfg = Release|x86
		{F7F9DA28-1838-4971-A345-8C42EDBBBD77}.Ad-Hoc|x86.Build.0 = Release|x86
		{F7F9DA28-1838-4971-A345-8C42EDBBBD77}.Ad-Hoc|x86.Deploy.0 = Release|x86
		{F7F9DA28-1838-4971-A345-8C42EDBBBD77}.AppStore|Any CPU.ActiveCfg = Release|x86
		{F7F9DA28-1838-4971-A345-8C42EDBBBD77}.AppStore|Any CPU.Build.0 = Release|x86
		{F7F9DA28-1838-4971-A345-8C42EDBBBD77}.AppStore|Any CPU.Deploy.0 = Release|x86
		{F7F9DA28-1838-4971-A345-8C42EDBBBD77}.AppStore|ARM.ActiveCfg = Release|ARM
		{F7F9DA28-1838-4971-A345-8C42EDBBBD77}.AppStore|ARM.Build.0 = Release|ARM
		{F7F9DA28-1838-4971-A345-8C42EDBBBD77}.AppStore|ARM.Deploy.0 = Release|ARM
		{F7F9DA28-1838-4971-A345-8C42EDBBBD77}.AppStore|iPhone.ActiveCfg = Release|x86
		{F7F9DA28-1838-4971-A345-8C42EDBBBD77}.AppStore|iPhone.Build.0 = Release|x86
		{F7F9DA28-1838-4971-A345-8C42EDBBBD77}.AppStore|iPhone.Deploy.0 = Release|x86
		{F7F9DA28-1838-4971-A345-8C42EDBBBD77}.AppStore|iPhoneSimulator.ActiveCfg = Release|x86
		{F7F9DA28-1838-4971-A345-8C42EDBBBD77}.AppStore|iPhoneSimulator.Build.0 = Release|x86
		{F7F9DA28-1838-4971-A345-8C42EDBBBD77}.AppStore|iPhoneSimulator.Deploy.0 = Release|x86
		{F7F9DA28-1838-4971-A345-8C42EDBBBD77}.AppStore|x64.ActiveCfg = Release|x64
		{F7F9DA28-1838-4971-A345-8C42EDBBBD77}.AppStore|x64.Build.0 = Release|x64
		{F7F9DA28-1838-4971-A345-8C42EDBBBD77}.AppStore|x64.Deploy.0 = Release|x64
		{F7F9DA28-1838-4971-A345-8C42EDBBBD77}.AppStore|x86.ActiveCfg = Release|x86
		{F7F9DA28-1838-4971-A345-8C42EDBBBD77}.AppStore|x86.Build.0 = Release|x86
		{F7F9DA28-1838-4971-A345-8C42EDBBBD77}.AppStore|x86.Deploy.0 = Release|x86
		{F7F9DA28-1838-4971-A345-8C42EDBBBD77}.Debug|Any CPU.ActiveCfg = Debug|x86
		{F7F9DA28-1838-4971-A345-8C42EDBBBD77}.Debug|ARM.ActiveCfg = Debug|ARM
		{F7F9DA28-1838-4971-A345-8C42EDBBBD77}.Debug|ARM.Build.0 = Debug|ARM
		{F7F9DA28-1838-4971-A345-8C42EDBBBD77}.Debug|ARM.Deploy.0 = Debug|ARM
		{F7F9DA28-1838-4971-A345-8C42EDBBBD77}.Debug|iPhone.ActiveCfg = Debug|x86
		{F7F9DA28-1838-4971-A345-8C42EDBBBD77}.Debug|iPhoneSimulator.ActiveCfg = Debug|x86
		{F7F9DA28-1838-4971-A345-8C42EDBBBD77}.Debug|x64.ActiveCfg = Debug|x64
		{F7F9DA28-1838-4971-A345-8C42EDBBBD77}.Debug|x64.Build.0 = Debug|x64
		{F7F9DA28-1838-4971-A345-8C42EDBBBD77}.Debug|x64.Deploy.0 = Debug|x64
		{F7F9DA28-1838-4971-A345-8C42EDBBBD77}.Debug|x86.ActiveCfg = Debug|x86
		{F7F9DA28-1838-4971-A345-8C42EDBBBD77}.Debug|x86.Build.0 = Debug|x86
		{F7F9DA28-1838-4971-A345-8C42EDBBBD77}.Debug|x86.Deploy.0 = Debug|x86
		{F7F9DA28-1838-4971-A345-8C42EDBBBD77}.Release|Any CPU.ActiveCfg = Release|x86
		{F7F9DA28-1838-4971-A345-8C42EDBBBD77}.Release|ARM.ActiveCfg = Release|ARM
		{F7F9DA28-1838-4971-A345-8C42EDBBBD77}.Release|ARM.Build.0 = Release|ARM
		{F7F9DA28-1838-4971-A345-8C42EDBBBD77}.Release|ARM.Deploy.0 = Release|ARM
		{F7F9DA28-1838-4971-A345-8C42EDBBBD77}.Release|iPhone.ActiveCfg = Release|x86
		{F7F9DA28-1838-4971-A345-8C42EDBBBD77}.Release|iPhoneSimulator.ActiveCfg = Release|x86
		{F7F9DA28-1838-4971-A345-8C42EDBBBD77}.Release|x64.ActiveCfg = Release|x64
		{F7F9DA28-1838-4971-A345-8C42EDBBBD77}.Release|x64.Build.0 = Release|x64
		{F7F9DA28-1838-4971-A345-8C42EDBBBD77}.Release|x64.Deploy.0 = Release|x64
		{F7F9DA28-1838-4971-A345-8C42EDBBBD77}.Release|x86.ActiveCfg = Release|x86
		{F7F9DA28-1838-4971-A345-8C42EDBBBD77}.Release|x86.Build.0 = Release|x86
		{F7F9DA28-1838-4971-A345-8C42EDBBBD77}.Release|x86.Deploy.0 = Release|x86
		{0F1E5AEC-1485-439F-B925-375DF6FCA871}.Ad-Hoc|Any CPU.ActiveCfg = Debug|Any CPU
		{0F1E5AEC-1485-439F-B925-375DF6FCA871}.Ad-Hoc|Any CPU.Build.0 = Debug|Any CPU
		{0F1E5AEC-1485-439F-B925-375DF6FCA871}.Ad-Hoc|ARM.ActiveCfg = Debug|Any CPU
		{0F1E5AEC-1485-439F-B925-375DF6FCA871}.Ad-Hoc|ARM.Build.0 = Debug|Any CPU
		{0F1E5AEC-1485-439F-B925-375DF6FCA871}.Ad-Hoc|iPhone.ActiveCfg = Debug|Any CPU
		{0F1E5AEC-1485-439F-B925-375DF6FCA871}.Ad-Hoc|iPhone.Build.0 = Debug|Any CPU
		{0F1E5AEC-1485-439F-B925-375DF6FCA871}.Ad-Hoc|iPhoneSimulator.ActiveCfg = Debug|Any CPU
		{0F1E5AEC-1485-439F-B925-375DF6FCA871}.Ad-Hoc|iPhoneSimulator.Build.0 = Debug|Any CPU
		{0F1E5AEC-1485-439F-B925-375DF6FCA871}.Ad-Hoc|x64.ActiveCfg = Debug|Any CPU
		{0F1E5AEC-1485-439F-B925-375DF6FCA871}.Ad-Hoc|x64.Build.0 = Debug|Any CPU
		{0F1E5AEC-1485-439F-B925-375DF6FCA871}.Ad-Hoc|x86.ActiveCfg = Debug|Any CPU
		{0F1E5AEC-1485-439F-B925-375DF6FCA871}.Ad-Hoc|x86.Build.0 = Debug|Any CPU
		{0F1E5AEC-1485-439F-B925-375DF6FCA871}.AppStore|Any CPU.ActiveCfg = Debug|Any CPU
		{0F1E5AEC-1485-439F-B925-375DF6FCA871}.AppStore|Any CPU.Build.0 = Debug|Any CPU
		{0F1E5AEC-1485-439F-B925-375DF6FCA871}.AppStore|ARM.ActiveCfg = Debug|Any CPU
		{0F1E5AEC-1485-439F-B925-375DF6FCA871}.AppStore|ARM.Build.0 = Debug|Any CPU
		{0F1E5AEC-1485-439F-B925-375DF6FCA871}.AppStore|iPhone.ActiveCfg = Debug|Any CPU
		{0F1E5AEC-1485-439F-B925-375DF6FCA871}.AppStore|iPhone.Build.0 = Debug|Any CPU
		{0F1E5AEC-1485-439F-B925-375DF6FCA871}.AppStore|iPhoneSimulator.ActiveCfg = Debug|Any CPU
		{0F1E5AEC-1485-439F-B925-375DF6FCA871}.AppStore|iPhoneSimulator.Build.0 = Debug|Any CPU
		{0F1E5AEC-1485-439F-B925-375DF6FCA871}.AppStore|x64.ActiveCfg = Debug|Any CPU
		{0F1E5AEC-1485-439F-B925-375DF6FCA871}.AppStore|x64.Build.0 = Debug|Any CPU
		{0F1E5AEC-1485-439F-B925-375DF6FCA871}.AppStore|x86.ActiveCfg = Debug|Any CPU
		{0F1E5AEC-1485-439F-B925-375DF6FCA871}.AppStore|x86.Build.0 = Debug|Any CPU
		{0F1E5AEC-1485-439F-B925-375DF6FCA871}.Debug|Any CPU.ActiveCfg = Debug|Any CPU
		{0F1E5AEC-1485-439F-B925-375DF6FCA871}.Debug|Any CPU.Build.0 = Debug|Any CPU
		{0F1E5AEC-1485-439F-B925-375DF6FCA871}.Debug|ARM.ActiveCfg = Debug|Any CPU
		{0F1E5AEC-1485-439F-B925-375DF6FCA871}.Debug|ARM.Build.0 = Debug|Any CPU
		{0F1E5AEC-1485-439F-B925-375DF6FCA871}.Debug|iPhone.ActiveCfg = Debug|Any CPU
		{0F1E5AEC-1485-439F-B925-375DF6FCA871}.Debug|iPhone.Build.0 = Debug|Any CPU
		{0F1E5AEC-1485-439F-B925-375DF6FCA871}.Debug|iPhoneSimulator.ActiveCfg = Debug|Any CPU
		{0F1E5AEC-1485-439F-B925-375DF6FCA871}.Debug|iPhoneSimulator.Build.0 = Debug|Any CPU
		{0F1E5AEC-1485-439F-B925-375DF6FCA871}.Debug|x64.ActiveCfg = Debug|Any CPU
		{0F1E5AEC-1485-439F-B925-375DF6FCA871}.Debug|x64.Build.0 = Debug|Any CPU
		{0F1E5AEC-1485-439F-B925-375DF6FCA871}.Debug|x86.ActiveCfg = Debug|Any CPU
		{0F1E5AEC-1485-439F-B925-375DF6FCA871}.Debug|x86.Build.0 = Debug|Any CPU
		{0F1E5AEC-1485-439F-B925-375DF6FCA871}.Release|Any CPU.ActiveCfg = Release|Any CPU
		{0F1E5AEC-1485-439F-B925-375DF6FCA871}.Release|Any CPU.Build.0 = Release|Any CPU
		{0F1E5AEC-1485-439F-B925-375DF6FCA871}.Release|ARM.ActiveCfg = Release|Any CPU
		{0F1E5AEC-1485-439F-B925-375DF6FCA871}.Release|ARM.Build.0 = Release|Any CPU
		{0F1E5AEC-1485-439F-B925-375DF6FCA871}.Release|iPhone.ActiveCfg = Release|Any CPU
		{0F1E5AEC-1485-439F-B925-375DF6FCA871}.Release|iPhone.Build.0 = Release|Any CPU
		{0F1E5AEC-1485-439F-B925-375DF6FCA871}.Release|iPhoneSimulator.ActiveCfg = Release|Any CPU
		{0F1E5AEC-1485-439F-B925-375DF6FCA871}.Release|iPhoneSimulator.Build.0 = Release|Any CPU
		{0F1E5AEC-1485-439F-B925-375DF6FCA871}.Release|x64.ActiveCfg = Release|Any CPU
		{0F1E5AEC-1485-439F-B925-375DF6FCA871}.Release|x64.Build.0 = Release|Any CPU
		{0F1E5AEC-1485-439F-B925-375DF6FCA871}.Release|x86.ActiveCfg = Release|Any CPU
		{0F1E5AEC-1485-439F-B925-375DF6FCA871}.Release|x86.Build.0 = Release|Any CPU
	EndGlobalSection
	GlobalSection(SolutionProperties) = preSolution
		HideSolutionNode = FALSE
	EndGlobalSection
	GlobalSection(ExtensibilityGlobals) = postSolution
		SolutionGuid = {3385EF2B-E6EF-4C12-89C8-DD7001C04B9C}
	EndGlobalSection
EndGlobal
